
Microsoft Visual Studio Solution File, Format Version 12.00
# Visual Studio Version 17
VisualStudioVersion = 17.6.33815.320
MinimumVisualStudioVersion = 10.0.40219.1
Project("{FAE04EC0-301F-11D3-BF4B-00C04F79EFBC}") = "queues", "queues\queues.csproj", "{A5D75967-66D9-4FF8-AEE8-6DF166485258}"
EndProject
Global
	GlobalSection(SolutionConfigurationPlatforms) = preSolution
		Debug|Any CPU = Debug|Any CPU
		Release|Any CPU = Release|Any CPU
	EndGlobalSection
	GlobalSection(ProjectConfigurationPlatforms) = postSolution
		{A5D75967-66D9-4FF8-AEE8-6DF166485258}.Debug|Any CPU.ActiveCfg = Debug|Any CPU
		{A5D75967-66D9-4FF8-AEE8-6DF166485258}.Debug|Any CPU.Build.0 = Debug|Any CPU
		{A5D75967-66D9-4FF8-AEE8-6DF166485258}.Release|Any CPU.ActiveCfg = Release|Any CPU
		{A5D75967-66D9-4FF8-AEE8-6DF166485258}.Release|Any CPU.Build.0 = Release|Any CPU
	EndGlobalSection
	GlobalSection(SolutionProperties) = preSolution
		HideSolutionNode = FALSE
	EndGlobalSection
	GlobalSection(ExtensibilityGlobals) = postSolution
		SolutionGuid = {0C0E498C-DCC3-4D96-B546-322D2C8CE1F8}
	EndGlobalSection
EndGlobal
