
Microsoft Visual Studio Solution File, Format Version 12.00
# Visual Studio Version 17
VisualStudioVersion = 17.6.33815.320
MinimumVisualStudioVersion = 10.0.40219.1
Project("{FAE04EC0-301F-11D3-BF4B-00C04F79EFBC}") = "graphs", "graphs\graphs.csproj", "{B3EA5314-78E2-4D7A-9054-378150C94E09}"
EndProject
Global
	GlobalSection(SolutionConfigurationPlatforms) = preSolution
		Debug|Any CPU = Debug|Any CPU
		Release|Any CPU = Release|Any CPU
	EndGlobalSection
	GlobalSection(ProjectConfigurationPlatforms) = postSolution
		{B3EA5314-78E2-4D7A-9054-378150C94E09}.Debug|Any CPU.ActiveCfg = Debug|Any CPU
		{B3EA5314-78E2-4D7A-9054-378150C94E09}.Debug|Any CPU.Build.0 = Debug|Any CPU
		{B3EA5314-78E2-4D7A-9054-378150C94E09}.Release|Any CPU.ActiveCfg = Release|Any CPU
		{B3EA5314-78E2-4D7A-9054-378150C94E09}.Release|Any CPU.Build.0 = Release|Any CPU
	EndGlobalSection
	GlobalSection(SolutionProperties) = preSolution
		HideSolutionNode = FALSE
	EndGlobalSection
	GlobalSection(ExtensibilityGlobals) = postSolution
		SolutionGuid = {6B1A03F9-4CA3-4681-ACFE-163C61456852}
	EndGlobalSection
EndGlobal
